// !$*UTF8*$!
{
	archiveVersion = 1;
	classes = {
	};
	objectVersion = 46;
	objects = {

/* Begin PBXBuildFile section */
		F20848C91D28F04200C6C299 /* TAAbstractDotView.m in Sources */ = {isa = PBXBuildFile; fileRef = F20848C21D28F04200C6C299 /* TAAbstractDotView.m */; };
		F20848CA1D28F04200C6C299 /* TAAnimatedDotView.m in Sources */ = {isa = PBXBuildFile; fileRef = F20848C41D28F04200C6C299 /* TAAnimatedDotView.m */; };
		F20848CB1D28F04200C6C299 /* TADotView.m in Sources */ = {isa = PBXBuildFile; fileRef = F20848C61D28F04200C6C299 /* TADotView.m */; };
		F20848CC1D28F04200C6C299 /* TAPageControl.m in Sources */ = {isa = PBXBuildFile; fileRef = F20848C81D28F04200C6C299 /* TAPageControl.m */; };
		F20848D11D291A3300C6C299 /* currentDotImg.png in Resources */ = {isa = PBXBuildFile; fileRef = F20848CF1D291A3300C6C299 /* currentDotImg.png */; };
		F20848D21D291A3300C6C299 /* normalDotImg.png in Resources */ = {isa = PBXBuildFile; fileRef = F20848D01D291A3300C6C299 /* normalDotImg.png */; };
		F271DACC1D2259790095737D /* main.m in Sources */ = {isa = PBXBuildFile; fileRef = F271DACB1D2259790095737D /* main.m */; };
		F271DACF1D2259790095737D /* AppDelegate.m in Sources */ = {isa = PBXBuildFile; fileRef = F271DACE1D2259790095737D /* AppDelegate.m */; };
		F271DAD21D2259790095737D /* ViewController.m in Sources */ = {isa = PBXBuildFile; fileRef = F271DAD11D2259790095737D /* ViewController.m */; };
		F271DAD51D2259790095737D /* Main.storyboard in Resources */ = {isa = PBXBuildFile; fileRef = F271DAD31D2259790095737D /* Main.storyboard */; };
		F271DAD71D22597A0095737D /* Assets.xcassets in Resources */ = {isa = PBXBuildFile; fileRef = F271DAD61D22597A0095737D /* Assets.xcassets */; };
		F271DADA1D22597A0095737D /* LaunchScreen.storyboard in Resources */ = {isa = PBXBuildFile; fileRef = F271DAD81D22597A0095737D /* LaunchScreen.storyboard */; };
		F271DAE51D22597A0095737D /* DRImgCollectionViewTests.m in Sources */ = {isa = PBXBuildFile; fileRef = F271DAE41D22597A0095737D /* DRImgCollectionViewTests.m */; };
		F271DAF01D22597A0095737D /* DRImgCollectionViewUITests.m in Sources */ = {isa = PBXBuildFile; fileRef = F271DAEF1D22597A0095737D /* DRImgCollectionViewUITests.m */; };
		F271DB031D2267010095737D /* DRImgCollectionView.m in Sources */ = {isa = PBXBuildFile; fileRef = F271DB021D2267010095737D /* DRImgCollectionView.m */; };
		F271DB081D2267B00095737D /* image0.png in Resources */ = {isa = PBXBuildFile; fileRef = F271DB041D2267B00095737D /* image0.png */; };
		F271DB091D2267B00095737D /* image1.png in Resources */ = {isa = PBXBuildFile; fileRef = F271DB051D2267B00095737D /* image1.png */; };
		F271DB0A1D2267B00095737D /* image2.png in Resources */ = {isa = PBXBuildFile; fileRef = F271DB061D2267B00095737D /* image2.png */; };
		F271DB0B1D2267B00095737D /* image3.png in Resources */ = {isa = PBXBuildFile; fileRef = F271DB071D2267B00095737D /* image3.png */; };
		F271DB0F1D2284F70095737D /* DRImgCollectionViewCell.m in Sources */ = {isa = PBXBuildFile; fileRef = F271DB0D1D2284F70095737D /* DRImgCollectionViewCell.m */; };
		F271DB131D23A69D0095737D /* NSTimer+operation.m in Sources */ = {isa = PBXBuildFile; fileRef = F271DB121D23A69D0095737D /* NSTimer+operation.m */; };
/* End PBXBuildFile section */

/* Begin PBXContainerItemProxy section */
		F271DAE11D22597A0095737D /* PBXContainerItemProxy */ = {
			isa = PBXContainerItemProxy;
			containerPortal = F271DABF1D2259790095737D /* Project object */;
			proxyType = 1;
			remoteGlobalIDString = F271DAC61D2259790095737D;
			remoteInfo = DRImgCollectionView;
		};
		F271DAEC1D22597A0095737D /* PBXContainerItemProxy */ = {
			isa = PBXContainerItemProxy;
			containerPortal = F271DABF1D2259790095737D /* Project object */;
			proxyType = 1;
			remoteGlobalIDString = F271DAC61D2259790095737D;
			remoteInfo = DRImgCollectionView;
		};
/* End PBXContainerItemProxy section */

/* Begin PBXFileReference section */
		F20848C11D28F04200C6C299 /* TAAbstractDotView.h */ = {isa = PBXFileReference; fileEncoding = 4; lastKnownFileType = sourcecode.c.h; path = TAAbstractDotView.h; sourceTree = "<group>"; };
		F20848C21D28F04200C6C299 /* TAAbstractDotView.m */ = {isa = PBXFileReference; fileEncoding = 4; lastKnownFileType = sourcecode.c.objc; path = TAAbstractDotView.m; sourceTree = "<group>"; };
		F20848C31D28F04200C6C299 /* TAAnimatedDotView.h */ = {isa = PBXFileReference; fileEncoding = 4; lastKnownFileType = sourcecode.c.h; path = TAAnimatedDotView.h; sourceTree = "<group>"; };
		F20848C41D28F04200C6C299 /* TAAnimatedDotView.m */ = {isa = PBXFileReference; fileEncoding = 4; lastKnownFileType = sourcecode.c.objc; path = TAAnimatedDotView.m; sourceTree = "<group>"; };
		F20848C51D28F04200C6C299 /* TADotView.h */ = {isa = PBXFileReference; fileEncoding = 4; lastKnownFileType = sourcecode.c.h; path = TADotView.h; sourceTree = "<group>"; };
		F20848C61D28F04200C6C299 /* TADotView.m */ = {isa = PBXFileReference; fileEncoding = 4; lastKnownFileType = sourcecode.c.objc; path = TADotView.m; sourceTree = "<group>"; };
		F20848C71D28F04200C6C299 /* TAPageControl.h */ = {isa = PBXFileReference; fileEncoding = 4; lastKnownFileType = sourcecode.c.h; path = TAPageControl.h; sourceTree = "<group>"; };
		F20848C81D28F04200C6C299 /* TAPageControl.m */ = {isa = PBXFileReference; fileEncoding = 4; lastKnownFileType = sourcecode.c.objc; path = TAPageControl.m; sourceTree = "<group>"; };
		F20848CF1D291A3300C6C299 /* currentDotImg.png */ = {isa = PBXFileReference; lastKnownFileType = image.png; path = currentDotImg.png; sourceTree = "<group>"; };
		F20848D01D291A3300C6C299 /* normalDotImg.png */ = {isa = PBXFileReference; lastKnownFileType = image.png; path = normalDotImg.png; sourceTree = "<group>"; };
		F271DAC71D2259790095737D /* DRImgCollectionView.app */ = {isa = PBXFileReference; explicitFileType = wrapper.application; includeInIndex = 0; path = DRImgCollectionView.app; sourceTree = BUILT_PRODUCTS_DIR; };
		F271DACB1D2259790095737D /* main.m */ = {isa = PBXFileReference; lastKnownFileType = sourcecode.c.objc; path = main.m; sourceTree = "<group>"; };
		F271DACD1D2259790095737D /* AppDelegate.h */ = {isa = PBXFileReference; lastKnownFileType = sourcecode.c.h; path = AppDelegate.h; sourceTree = "<group>"; };
		F271DACE1D2259790095737D /* AppDelegate.m */ = {isa = PBXFileReference; lastKnownFileType = sourcecode.c.objc; path = AppDelegate.m; sourceTree = "<group>"; };
		F271DAD01D2259790095737D /* ViewController.h */ = {isa = PBXFileReference; lastKnownFileType = sourcecode.c.h; path = ViewController.h; sourceTree = "<group>"; };
		F271DAD11D2259790095737D /* ViewController.m */ = {isa = PBXFileReference; lastKnownFileType = sourcecode.c.objc; path = ViewController.m; sourceTree = "<group>"; };
		F271DAD41D2259790095737D /* Base */ = {isa = PBXFileReference; lastKnownFileType = file.storyboard; name = Base; path = Base.lproj/Main.storyboard; sourceTree = "<group>"; };
		F271DAD61D22597A0095737D /* Assets.xcassets */ = {isa = PBXFileReference; lastKnownFileType = folder.assetcatalog; path = Assets.xcassets; sourceTree = "<group>"; };
		F271DAD91D22597A0095737D /* Base */ = {isa = PBXFileReference; lastKnownFileType = file.storyboard; name = Base; path = Base.lproj/LaunchScreen.storyboard; sourceTree = "<group>"; };
		F271DADB1D22597A0095737D /* Info.plist */ = {isa = PBXFileReference; lastKnownFileType = text.plist.xml; path = Info.plist; sourceTree = "<group>"; };
		F271DAE01D22597A0095737D /* DRImgCollectionViewTests.xctest */ = {isa = PBXFileReference; explicitFileType = wrapper.cfbundle; includeInIndex = 0; path = DRImgCollectionViewTests.xctest; sourceTree = BUILT_PRODUCTS_DIR; };
		F271DAE41D22597A0095737D /* DRImgCollectionViewTests.m */ = {isa = PBXFileReference; lastKnownFileType = sourcecode.c.objc; path = DRImgCollectionViewTests.m; sourceTree = "<group>"; };
		F271DAE61D22597A0095737D /* Info.plist */ = {isa = PBXFileReference; lastKnownFileType = text.plist.xml; path = Info.plist; sourceTree = "<group>"; };
		F271DAEB1D22597A0095737D /* DRImgCollectionViewUITests.xctest */ = {isa = PBXFileReference; explicitFileType = wrapper.cfbundle; includeInIndex = 0; path = DRImgCollectionViewUITests.xctest; sourceTree = BUILT_PRODUCTS_DIR; };
		F271DAEF1D22597A0095737D /* DRImgCollectionViewUITests.m */ = {isa = PBXFileReference; lastKnownFileType = sourcecode.c.objc; path = DRImgCollectionViewUITests.m; sourceTree = "<group>"; };
		F271DAF11D22597A0095737D /* Info.plist */ = {isa = PBXFileReference; lastKnownFileType = text.plist.xml; path = Info.plist; sourceTree = "<group>"; };
		F271DB011D2267010095737D /* DRImgCollectionView.h */ = {isa = PBXFileReference; fileEncoding = 4; lastKnownFileType = sourcecode.c.h; path = DRImgCollectionView.h; sourceTree = "<group>"; };
		F271DB021D2267010095737D /* DRImgCollectionView.m */ = {isa = PBXFileReference; fileEncoding = 4; lastKnownFileType = sourcecode.c.objc; path = DRImgCollectionView.m; sourceTree = "<group>"; };
		F271DB041D2267B00095737D /* image0.png */ = {isa = PBXFileReference; lastKnownFileType = image.png; path = image0.png; sourceTree = "<group>"; };
		F271DB051D2267B00095737D /* image1.png */ = {isa = PBXFileReference; lastKnownFileType = image.png; path = image1.png; sourceTree = "<group>"; };
		F271DB061D2267B00095737D /* image2.png */ = {isa = PBXFileReference; lastKnownFileType = image.png; path = image2.png; sourceTree = "<group>"; };
		F271DB071D2267B00095737D /* image3.png */ = {isa = PBXFileReference; lastKnownFileType = image.png; path = image3.png; sourceTree = "<group>"; };
		F271DB0C1D2284F70095737D /* DRImgCollectionViewCell.h */ = {isa = PBXFileReference; fileEncoding = 4; lastKnownFileType = sourcecode.c.h; path = DRImgCollectionViewCell.h; sourceTree = "<group>"; };
		F271DB0D1D2284F70095737D /* DRImgCollectionViewCell.m */ = {isa = PBXFileReference; fileEncoding = 4; lastKnownFileType = sourcecode.c.objc; path = DRImgCollectionViewCell.m; sourceTree = "<group>"; };
		F271DB111D23A69D0095737D /* NSTimer+operation.h */ = {isa = PBXFileReference; fileEncoding = 4; lastKnownFileType = sourcecode.c.h; path = "NSTimer+operation.h"; sourceTree = "<group>"; };
		F271DB121D23A69D0095737D /* NSTimer+operation.m */ = {isa = PBXFileReference; fileEncoding = 4; lastKnownFileType = sourcecode.c.objc; path = "NSTimer+operation.m"; sourceTree = "<group>"; };
/* End PBXFileReference section */

/* Begin PBXFrameworksBuildPhase section */
		F271DAC41D2259790095737D /* Frameworks */ = {
			isa = PBXFrameworksBuildPhase;
			buildActionMask = 2147483647;
			files = (
			);
			runOnlyForDeploymentPostprocessing = 0;
		};
		F271DADD1D22597A0095737D /* Frameworks */ = {
			isa = PBXFrameworksBuildPhase;
			buildActionMask = 2147483647;
			files = (
			);
			runOnlyForDeploymentPostprocessing = 0;
		};
		F271DAE81D22597A0095737D /* Frameworks */ = {
			isa = PBXFrameworksBuildPhase;
			buildActionMask = 2147483647;
			files = (
			);
			runOnlyForDeploymentPostprocessing = 0;
		};
/* End PBXFrameworksBuildPhase section */

/* Begin PBXGroup section */
		F20848C01D28F04200C6C299 /* TAPageControl */ = {
			isa = PBXGroup;
			children = (
				F20848C11D28F04200C6C299 /* TAAbstractDotView.h */,
				F20848C21D28F04200C6C299 /* TAAbstractDotView.m */,
				F20848C31D28F04200C6C299 /* TAAnimatedDotView.h */,
				F20848C41D28F04200C6C299 /* TAAnimatedDotView.m */,
				F20848C51D28F04200C6C299 /* TADotView.h */,
				F20848C61D28F04200C6C299 /* TADotView.m */,
				F20848C71D28F04200C6C299 /* TAPageControl.h */,
				F20848C81D28F04200C6C299 /* TAPageControl.m */,
			);
			path = TAPageControl;
			sourceTree = "<group>";
		};
		F271DABE1D2259790095737D = {
			isa = PBXGroup;
			children = (
				F271DAC91D2259790095737D /* DRImgCollectionView */,
				F271DAE31D22597A0095737D /* DRImgCollectionViewTests */,
				F271DAEE1D22597A0095737D /* DRImgCollectionViewUITests */,
				F271DAC81D2259790095737D /* Products */,
			);
			sourceTree = "<group>";
		};
		F271DAC81D2259790095737D /* Products */ = {
			isa = PBXGroup;
			children = (
				F271DAC71D2259790095737D /* DRImgCollectionView.app */,
				F271DAE01D22597A0095737D /* DRImgCollectionViewTests.xctest */,
				F271DAEB1D22597A0095737D /* DRImgCollectionViewUITests.xctest */,
			);
			name = Products;
			sourceTree = "<group>";
		};
		F271DAC91D2259790095737D /* DRImgCollectionView */ = {
			isa = PBXGroup;
			children = (
				F271DACD1D2259790095737D /* AppDelegate.h */,
				F271DACE1D2259790095737D /* AppDelegate.m */,
				F271DAD01D2259790095737D /* ViewController.h */,
				F271DAD11D2259790095737D /* ViewController.m */,
				F271DAFD1D2262760095737D /* DRImgCollectionView */,
				F271DAD31D2259790095737D /* Main.storyboard */,
				F271DAD61D22597A0095737D /* Assets.xcassets */,
				F271DAD81D22597A0095737D /* LaunchScreen.storyboard */,
				F271DADB1D22597A0095737D /* Info.plist */,
				F271DB041D2267B00095737D /* image0.png */,
				F271DB051D2267B00095737D /* image1.png */,
				F271DB061D2267B00095737D /* image2.png */,
				F271DB071D2267B00095737D /* image3.png */,
				F20848CF1D291A3300C6C299 /* currentDotImg.png */,
				F20848D01D291A3300C6C299 /* normalDotImg.png */,
				F271DACA1D2259790095737D /* Supporting Files */,
			);
			path = DRImgCollectionView;
			sourceTree = "<group>";
		};
		F271DACA1D2259790095737D /* Supporting Files */ = {
			isa = PBXGroup;
			children = (
				F271DACB1D2259790095737D /* main.m */,
			);
			name = "Supporting Files";
			sourceTree = "<group>";
		};
		F271DAE31D22597A0095737D /* DRImgCollectionViewTests */ = {
			isa = PBXGroup;
			children = (
				F271DAE41D22597A0095737D /* DRImgCollectionViewTests.m */,
				F271DAE61D22597A0095737D /* Info.plist */,
			);
			path = DRImgCollectionViewTests;
			sourceTree = "<group>";
		};
		F271DAEE1D22597A0095737D /* DRImgCollectionViewUITests */ = {
			isa = PBXGroup;
			children = (
				F271DAEF1D22597A0095737D /* DRImgCollectionViewUITests.m */,
				F271DAF11D22597A0095737D /* Info.plist */,
			);
			path = DRImgCollectionViewUITests;
			sourceTree = "<group>";
		};
		F271DAFD1D2262760095737D /* DRImgCollectionView */ = {
			isa = PBXGroup;
			children = (
				F271DB011D2267010095737D /* DRImgCollectionView.h */,
				F271DB021D2267010095737D /* DRImgCollectionView.m */,
				F271DB111D23A69D0095737D /* NSTimer+operation.h */,
				F271DB121D23A69D0095737D /* NSTimer+operation.m */,
				F271DB0C1D2284F70095737D /* DRImgCollectionViewCell.h */,
				F271DB0D1D2284F70095737D /* DRImgCollectionViewCell.m */,
				F20848C01D28F04200C6C299 /* TAPageControl */,
			);
			path = DRImgCollectionView;
			sourceTree = "<group>";
		};
/* End PBXGroup section */

/* Begin PBXNativeTarget section */
		F271DAC61D2259790095737D /* DRImgCollectionView */ = {
			isa = PBXNativeTarget;
			buildConfigurationList = F271DAF41D22597A0095737D /* Build configuration list for PBXNativeTarget "DRImgCollectionView" */;
			buildPhases = (
				F271DAC31D2259790095737D /* Sources */,
				F271DAC41D2259790095737D /* Frameworks */,
				F271DAC51D2259790095737D /* Resources */,
			);
			buildRules = (
			);
			dependencies = (
			);
			name = DRImgCollectionView;
			productName = DRImgCollectionView;
			productReference = F271DAC71D2259790095737D /* DRImgCollectionView.app */;
			productType = "com.apple.product-type.application";
		};
		F271DADF1D22597A0095737D /* DRImgCollectionViewTests */ = {
			isa = PBXNativeTarget;
			buildConfigurationList = F271DAF71D22597A0095737D /* Build configuration list for PBXNativeTarget "DRImgCollectionViewTests" */;
			buildPhases = (
				F271DADC1D22597A0095737D /* Sources */,
				F271DADD1D22597A0095737D /* Frameworks */,
				F271DADE1D22597A0095737D /* Resources */,
			);
			buildRules = (
			);
			dependencies = (
				F271DAE21D22597A0095737D /* PBXTargetDependency */,
			);
			name = DRImgCollectionViewTests;
			productName = DRImgCollectionViewTests;
			productReference = F271DAE01D22597A0095737D /* DRImgCollectionViewTests.xctest */;
			productType = "com.apple.product-type.bundle.unit-test";
		};
		F271DAEA1D22597A0095737D /* DRImgCollectionViewUITests */ = {
			isa = PBXNativeTarget;
			buildConfigurationList = F271DAFA1D22597A0095737D /* Build configuration list for PBXNativeTarget "DRImgCollectionViewUITests" */;
			buildPhases = (
				F271DAE71D22597A0095737D /* Sources */,
				F271DAE81D22597A0095737D /* Frameworks */,
				F271DAE91D22597A0095737D /* Resources */,
			);
			buildRules = (
			);
			dependencies = (
				F271DAED1D22597A0095737D /* PBXTargetDependency */,
			);
			name = DRImgCollectionViewUITests;
			productName = DRImgCollectionViewUITests;
			productReference = F271DAEB1D22597A0095737D /* DRImgCollectionViewUITests.xctest */;
			productType = "com.apple.product-type.bundle.ui-testing";
		};
/* End PBXNativeTarget section */

/* Begin PBXProject section */
		F271DABF1D2259790095737D /* Project object */ = {
			isa = PBXProject;
			attributes = {
				LastUpgradeCheck = 0730;
				ORGANIZATIONNAME = xqzh;
				TargetAttributes = {
					F271DAC61D2259790095737D = {
						CreatedOnToolsVersion = 7.3.1;
						DevelopmentTeam = X342LX7QRW;
					};
					F271DADF1D22597A0095737D = {
						CreatedOnToolsVersion = 7.3.1;
						TestTargetID = F271DAC61D2259790095737D;
					};
					F271DAEA1D22597A0095737D = {
						CreatedOnToolsVersion = 7.3.1;
						TestTargetID = F271DAC61D2259790095737D;
					};
				};
			};
			buildConfigurationList = F271DAC21D2259790095737D /* Build configuration list for PBXProject "DRImgCollectionView" */;
			compatibilityVersion = "Xcode 3.2";
			developmentRegion = English;
			hasScannedForEncodings = 0;
			knownRegions = (
				en,
				Base,
			);
			mainGroup = F271DABE1D2259790095737D;
			productRefGroup = F271DAC81D2259790095737D /* Products */;
			projectDirPath = "";
			projectRoot = "";
			targets = (
				F271DAC61D2259790095737D /* DRImgCollectionView */,
				F271DADF1D22597A0095737D /* DRImgCollectionViewTests */,
				F271DAEA1D22597A0095737D /* DRImgCollectionViewUITests */,
			);
		};
/* End PBXProject section */

/* Begin PBXResourcesBuildPhase section */
		F271DAC51D2259790095737D /* Resources */ = {
			isa = PBXResourcesBuildPhase;
			buildActionMask = 2147483647;
			files = (
				F271DB081D2267B00095737D /* image0.png in Resources */,
				F20848D11D291A3300C6C299 /* currentDotImg.png in Resources */,
				F271DB091D2267B00095737D /* image1.png in Resources */,
				F271DB0A1D2267B00095737D /* image2.png in Resources */,
				F271DADA1D22597A0095737D /* LaunchScreen.storyboard in Resources */,
				F271DAD71D22597A0095737D /* Assets.xcassets in Resources */,
				F271DB0B1D2267B00095737D /* image3.png in Resources */,
				F20848D21D291A3300C6C299 /* normalDotImg.png in Resources */,
				F271DAD51D2259790095737D /* Main.storyboard in Resources */,
			);
			runOnlyForDeploymentPostprocessing = 0;
		};
		F271DADE1D22597A0095737D /* Resources */ = {
			isa = PBXResourcesBuildPhase;
			buildActionMask = 2147483647;
			files = (
			);
			runOnlyForDeploymentPostprocessing = 0;
		};
		F271DAE91D22597A0095737D /* Resources */ = {
			isa = PBXResourcesBuildPhase;
			buildActionMask = 2147483647;
			files = (
			);
			runOnlyForDeploymentPostprocessing = 0;
		};
/* End PBXResourcesBuildPhase section */

/* Begin PBXSourcesBuildPhase section */
		F271DAC31D2259790095737D /* Sources */ = {
			isa = PBXSourcesBuildPhase;
			buildActionMask = 2147483647;
			files = (
				F271DAD21D2259790095737D /* ViewController.m in Sources */,
				F20848C91D28F04200C6C299 /* TAAbstractDotView.m in Sources */,
				F271DACF1D2259790095737D /* AppDelegate.m in Sources */,
				F271DB031D2267010095737D /* DRImgCollectionView.m in Sources */,
				F271DACC1D2259790095737D /* main.m in Sources */,
				F20848CC1D28F04200C6C299 /* TAPageControl.m in Sources */,
				F271DB131D23A69D0095737D /* NSTimer+operation.m in Sources */,
				F271DB0F1D2284F70095737D /* DRImgCollectionViewCell.m in Sources */,
				F20848CA1D28F04200C6C299 /* TAAnimatedDotView.m in Sources */,
				F20848CB1D28F04200C6C299 /* TADotView.m in Sources */,
			);
			runOnlyForDeploymentPostprocessing = 0;
		};
		F271DADC1D22597A0095737D /* Sources */ = {
			isa = PBXSourcesBuildPhase;
			buildActionMask = 2147483647;
			files = (
				F271DAE51D22597A0095737D /* DRImgCollectionViewTests.m in Sources */,
			);
			runOnlyForDeploymentPostprocessing = 0;
		};
		F271DAE71D22597A0095737D /* Sources */ = {
			isa = PBXSourcesBuildPhase;
			buildActionMask = 2147483647;
			files = (
				F271DAF01D22597A0095737D /* DRImgCollectionViewUITests.m in Sources */,
			);
			runOnlyForDeploymentPostprocessing = 0;
		};
/* End PBXSourcesBuildPhase section */

/* Begin PBXTargetDependency section */
		F271DAE21D22597A0095737D /* PBXTargetDependency */ = {
			isa = PBXTargetDependency;
			target = F271DAC61D2259790095737D /* DRImgCollectionView */;
			targetProxy = F271DAE11D22597A0095737D /* PBXContainerItemProxy */;
		};
		F271DAED1D22597A0095737D /* PBXTargetDependency */ = {
			isa = PBXTargetDependency;
			target = F271DAC61D2259790095737D /* DRImgCollectionView */;
			targetProxy = F271DAEC1D22597A0095737D /* PBXContainerItemProxy */;
		};
/* End PBXTargetDependency section */

/* Begin PBXVariantGroup section */
		F271DAD31D2259790095737D /* Main.storyboard */ = {
			isa = PBXVariantGroup;
			children = (
				F271DAD41D2259790095737D /* Base */,
			);
			name = Main.storyboard;
			sourceTree = "<group>";
		};
		F271DAD81D22597A0095737D /* LaunchScreen.storyboard */ = {
			isa = PBXVariantGroup;
			children = (
				F271DAD91D22597A0095737D /* Base */,
			);
			name = LaunchScreen.storyboard;
			sourceTree = "<group>";
		};
/* End PBXVariantGroup section */

/* Begin XCBuildConfiguration section */
		F271DAF21D22597A0095737D /* Debug */ = {
			isa = XCBuildConfiguration;
			buildSettings = {
				ALWAYS_SEARCH_USER_PATHS = NO;
				CLANG_ANALYZER_NONNULL = YES;
				CLANG_CXX_LANGUAGE_STANDARD = "gnu++0x";
				CLANG_CXX_LIBRARY = "libc++";
				CLANG_ENABLE_MODULES = YES;
				CLANG_ENABLE_OBJC_ARC = YES;
				CLANG_WARN_BOOL_CONVERSION = YES;
				CLANG_WARN_CONSTANT_CONVERSION = YES;
				CLANG_WARN_DIRECT_OBJC_ISA_USAGE = YES_ERROR;
				CLANG_WARN_EMPTY_BODY = YES;
				CLANG_WARN_ENUM_CONVERSION = YES;
				CLANG_WARN_INT_CONVERSION = YES;
				CLANG_WARN_OBJC_ROOT_CLASS = YES_ERROR;
				CLANG_WARN_UNREACHABLE_CODE = YES;
				CLANG_WARN__DUPLICATE_METHOD_MATCH = YES;
				"CODE_SIGN_IDENTITY[sdk=iphoneos*]" = "iPhone Developer";
				COPY_PHASE_STRIP = NO;
				DEBUG_INFORMATION_FORMAT = dwarf;
				ENABLE_STRICT_OBJC_MSGSEND = YES;
				ENABLE_TESTABILITY = YES;
				GCC_C_LANGUAGE_STANDARD = gnu99;
				GCC_DYNAMIC_NO_PIC = NO;
				GCC_NO_COMMON_BLOCKS = YES;
				GCC_OPTIMIZATION_LEVEL = 0;
				GCC_PREPROCESSOR_DEFINITIONS = (
					"DEBUG=1",
					"$(inherited)",
				);
				GCC_WARN_64_TO_32_BIT_CONVERSION = YES;
				GCC_WARN_ABOUT_RETURN_TYPE = YES_ERROR;
				GCC_WARN_UNDECLARED_SELECTOR = YES;
				GCC_WARN_UNINITIALIZED_AUTOS = YES_AGGRESSIVE;
				GCC_WARN_UNUSED_FUNCTION = YES;
				GCC_WARN_UNUSED_VARIABLE = YES;
				IPHONEOS_DEPLOYMENT_TARGET = 9.3;
				MTL_ENABLE_DEBUG_INFO = YES;
				ONLY_ACTIVE_ARCH = YES;
				SDKROOT = iphoneos;
				TARGETED_DEVICE_FAMILY = "1,2";
			};
			name = Debug;
		};
		F271DAF31D22597A0095737D /* Release */ = {
			isa = XCBuildConfiguration;
			buildSettings = {
				ALWAYS_SEARCH_USER_PATHS = NO;
				CLANG_ANALYZER_NONNULL = YES;
				CLANG_CXX_LANGUAGE_STANDARD = "gnu++0x";
				CLANG_CXX_LIBRARY = "libc++";
				CLANG_ENABLE_MODULES = YES;
				CLANG_ENABLE_OBJC_ARC = YES;
				CLANG_WARN_BOOL_CONVERSION = YES;
				CLANG_WARN_CONSTANT_CONVERSION = YES;
				CLANG_WARN_DIRECT_OBJC_ISA_USAGE = YES_ERROR;
				CLANG_WARN_EMPTY_BODY = YES;
				CLANG_WARN_ENUM_CONVERSION = YES;
				CLANG_WARN_INT_CONVERSION = YES;
				CLANG_WARN_OBJC_ROOT_CLASS = YES_ERROR;
				CLANG_WARN_UNREACHABLE_CODE = YES;
				CLANG_WARN__DUPLICATE_METHOD_MATCH = YES;
				"CODE_SIGN_IDENTITY[sdk=iphoneos*]" = "iPhone Developer";
				COPY_PHASE_STRIP = NO;
				DEBUG_INFORMATION_FORMAT = "dwarf-with-dsym";
				ENABLE_NS_ASSERTIONS = NO;
				ENABLE_STRICT_OBJC_MSGSEND = YES;
				GCC_C_LANGUAGE_STANDARD = gnu99;
				GCC_NO_COMMON_BLOCKS = YES;
				GCC_WARN_64_TO_32_BIT_CONVERSION = YES;
				GCC_WARN_ABOUT_RETURN_TYPE = YES_ERROR;
				GCC_WARN_UNDECLARED_SELECTOR = YES;
				GCC_WARN_UNINITIALIZED_AUTOS = YES_AGGRESSIVE;
				GCC_WARN_UNUSED_FUNCTION = YES;
				GCC_WARN_UNUSED_VARIABLE = YES;
				IPHONEOS_DEPLOYMENT_TARGET = 9.3;
				MTL_ENABLE_DEBUG_INFO = NO;
				SDKROOT = iphoneos;
				TARGETED_DEVICE_FAMILY = "1,2";
				VALIDATE_PRODUCT = YES;
			};
			name = Release;
		};
		F271DAF51D22597A0095737D /* Debug */ = {
			isa = XCBuildConfiguration;
			buildSettings = {
				ASSETCATALOG_COMPILER_APPICON_NAME = AppIcon;
				CODE_SIGN_IDENTITY = "iPhone Developer";
				"CODE_SIGN_IDENTITY[sdk=iphoneos*]" = "iPhone Developer";
				INFOPLIST_FILE = DRImgCollectionView/Info.plist;
				LD_RUNPATH_SEARCH_PATHS = "$(inherited) @executable_path/Frameworks";
				PRODUCT_BUNDLE_IDENTIFIER = com.ideabinder.DRImgScrollerView1;
				PRODUCT_NAME = "$(TARGET_NAME)";
				PROVISIONING_PROFILE = "";
			};
			name = Debug;
		};
		F271DAF61D22597A0095737D /* Release */ = {
			isa = XCBuildConfiguration;
			buildSettings = {
				ASSETCATALOG_COMPILER_APPICON_NAME = AppIcon;
				CODE_SIGN_IDENTITY = "iPhone Developer";
				"CODE_SIGN_IDENTITY[sdk=iphoneos*]" = "iPhone Developer";
				INFOPLIST_FILE = DRImgCollectionView/Info.plist;
				LD_RUNPATH_SEARCH_PATHS = "$(inherited) @executable_path/Frameworks";
				PRODUCT_BUNDLE_IDENTIFIER = com.ideabinder.DRImgScrollerView1;
				PRODUCT_NAME = "$(TARGET_NAME)";
				PROVISIONING_PROFILE = "";
			};
			name = Release;
		};
		F271DAF81D22597A0095737D /* Debug */ = {
			isa = XCBuildConfiguration;
			buildSettings = {
				BUNDLE_LOADER = "$(TEST_HOST)";
				INFOPLIST_FILE = DRImgCollectionViewTests/Info.plist;
				LD_RUNPATH_SEARCH_PATHS = "$(inherited) @executable_path/Frameworks @loader_path/Frameworks";
				PRODUCT_BUNDLE_IDENTIFIER = com.ideabinder.DRImgCollectionViewTests;
				PRODUCT_NAME = "$(TARGET_NAME)";
				TEST_HOST = "$(BUILT_PRODUCTS_DIR)/DRImgCollectionView.app/DRImgCollectionView";
			};
			name = Debug;
		};
		F271DAF91D22597A0095737D /* Release */ = {
			isa = XCBuildConfiguration;
			buildSettings = {
				BUNDLE_LOADER = "$(TEST_HOST)";
				INFOPLIST_FILE = DRImgCollectionViewTests/Info.plist;
				LD_RUNPATH_SEARCH_PATHS = "$(inherited) @executable_path/Frameworks @loader_path/Frameworks";
				PRODUCT_BUNDLE_IDENTIFIER = com.ideabinder.DRImgCollectionViewTests;
				PRODUCT_NAME = "$(TARGET_NAME)";
				TEST_HOST = "$(BUILT_PRODUCTS_DIR)/DRImgCollectionView.app/DRImgCollectionView";
			};
			name = Release;
		};
		F271DAFB1D22597A0095737D /* Debug */ = {
			isa = XCBuildConfiguration;
			buildSettings = {
				INFOPLIST_FILE = DRImgCollectionViewUITests/Info.plist;
				LD_RUNPATH_SEARCH_PATHS = "$(inherited) @executable_path/Frameworks @loader_path/Frameworks";
				PRODUCT_BUNDLE_IDENTIFIER = com.ideabinder.DRImgCollectionViewUITests;
				PRODUCT_NAME = "$(TARGET_NAME)";
				TEST_TARGET_NAME = DRImgCollectionView;
			};
			name = Debug;
		};
		F271DAFC1D22597A0095737D /* Release */ = {
			isa = XCBuildConfiguration;
			buildSettings = {
				INFOPLIST_FILE = DRImgCollectionViewUITests/Info.plist;
				LD_RUNPATH_SEARCH_PATHS = "$(inherited) @executable_path/Frameworks @loader_path/Frameworks";
				PRODUCT_BUNDLE_IDENTIFIER = com.ideabinder.DRImgCollectionViewUITests;
				PRODUCT_NAME = "$(TARGET_NAME)";
				TEST_TARGET_NAME = DRImgCollectionView;
			};
			name = Release;
		};
/* End XCBuildConfiguration section */

/* Begin XCConfigurationList section */
		F271DAC21D2259790095737D /* Build configuration list for PBXProject "DRImgCollectionView" */ = {
			isa = XCConfigurationList;
			buildConfigurations = (
				F271DAF21D22597A0095737D /* Debug */,
				F271DAF31D22597A0095737D /* Release */,
			);
			defaultConfigurationIsVisible = 0;
			defaultConfigurationName = Release;
		};
		F271DAF41D22597A0095737D /* Build configuration list for PBXNativeTarget "DRImgCollectionView" */ = {
			isa = XCConfigurationList;
			buildConfigurations = (
				F271DAF51D22597A0095737D /* Debug */,
				F271DAF61D22597A0095737D /* Release */,
			);
			defaultConfigurationIsVisible = 0;
			defaultConfigurationName = Release;
		};
		F271DAF71D22597A0095737D /* Build configuration list for PBXNativeTarget "DRImgCollectionViewTests" */ = {
			isa = XCConfigurationList;
			buildConfigurations = (
				F271DAF81D22597A0095737D /* Debug */,
				F271DAF91D22597A0095737D /* Release */,
			);
			defaultConfigurationIsVisible = 0;
			defaultConfigurationName = Release;
		};
		F271DAFA1D22597A0095737D /* Build configuration list for PBXNativeTarget "DRImgCollectionViewUITests" */ = {
			isa = XCConfigurationList;
			buildConfigurations = (
				F271DAFB1D22597A0095737D /* Debug */,
				F271DAFC1D22597A0095737D /* Release */,
			);
			defaultConfigurationIsVisible = 0;
			defaultConfigurationName = Release;
		};
/* End XCConfigurationList section */
	};
	rootObject = F271DABF1D2259790095737D /* Project object */;
}
